
Microsoft Visual Studio Solution File, Format Version 12.00
# Visual Studio Version 17
VisualStudioVersion = 17.14.37012.4 d17.14
MinimumVisualStudioVersion = 10.0.40219.1
Project("{FAE04EC0-301F-11D3-BF4B-00C04F79EFBC}") = "Basic DSA Phase 1", "Basic DSA Phase 1.csproj", "{D595BA61-4091-41D7-994F-479EFB527F1A}"
EndProject
Global
	GlobalSection(SolutionConfigurationPlatforms) = preSolution
		Debug|Any CPU = Debug|Any CPU
		Release|Any CPU = Release|Any CPU
	EndGlobalSection
	GlobalSection(ProjectConfigurationPlatforms) = postSolution
		{D595BA61-4091-41D7-994F-479EFB527F1A}.Debug|Any CPU.ActiveCfg = Debug|Any CPU
		{D595BA61-4091-41D7-994F-479EFB527F1A}.Debug|Any CPU.Build.0 = Debug|Any CPU
		{D595BA61-4091-41D7-994F-479EFB527F1A}.Release|Any CPU.ActiveCfg = Release|Any CPU
		{D595BA61-4091-41D7-994F-479EFB527F1A}.Release|Any CPU.Build.0 = Release|Any CPU
	EndGlobalSection
	GlobalSection(SolutionProperties) = preSolution
		HideSolutionNode = FALSE
	EndGlobalSection
	GlobalSection(ExtensibilityGlobals) = postSolution
		SolutionGuid = {346E1B68-889C-408B-AE19-D61937A5545A}
	EndGlobalSection
EndGlobal
